
Microsoft Visual Studio Solution File, Format Version 11.00
# Visual Studio 2010
Project("{FAE04EC0-301F-11D3-BF4B-00C04F79EFBC}") = "RWRoomDsgn", "Assembly-CSharp.csproj", "{DA680099-2C19-690C-85D7-A5EF097E3AAE}"
EndProject
Project("{FAE04EC0-301F-11D3-BF4B-00C04F79EFBC}") = "RWRoomDsgn", "Assembly-CSharp-firstpass.csproj", "{23CA71A9-5023-0812-2BD7-9CD8B14FF864}"
EndProject
Project("{FAE04EC0-301F-11D3-BF4B-00C04F79EFBC}") = "RWRoomDsgn", "Assembly-CSharp-Editor.csproj", "{D7A392DF-4757-AEB5-3376-3B2D6F4AD129}"
EndProject
Global
	GlobalSection(SolutionConfigurationPlatforms) = preSolution
		Debug|Any CPU = Debug|Any CPU
		Release|Any CPU = Release|Any CPU
	EndGlobalSection
	GlobalSection(ProjectConfigurationPlatforms) = postSolution
		{DA680099-2C19-690C-85D7-A5EF097E3AAE}.Debug|Any CPU.ActiveCfg = Debug|Any CPU
		{DA680099-2C19-690C-85D7-A5EF097E3AAE}.Debug|Any CPU.Build.0 = Debug|Any CPU
		{DA680099-2C19-690C-85D7-A5EF097E3AAE}.Release|Any CPU.ActiveCfg = Release|Any CPU
		{DA680099-2C19-690C-85D7-A5EF097E3AAE}.Release|Any CPU.Build.0 = Release|Any CPU
		{23CA71A9-5023-0812-2BD7-9CD8B14FF864}.Debug|Any CPU.ActiveCfg = Debug|Any CPU
		{23CA71A9-5023-0812-2BD7-9CD8B14FF864}.Debug|Any CPU.Build.0 = Debug|Any CPU
		{23CA71A9-5023-0812-2BD7-9CD8B14FF864}.Release|Any CPU.ActiveCfg = Release|Any CPU
		{23CA71A9-5023-0812-2BD7-9CD8B14FF864}.Release|Any CPU.Build.0 = Release|Any CPU
		{D7A392DF-4757-AEB5-3376-3B2D6F4AD129}.Debug|Any CPU.ActiveCfg = Debug|Any CPU
		{D7A392DF-4757-AEB5-3376-3B2D6F4AD129}.Debug|Any CPU.Build.0 = Debug|Any CPU
		{D7A392DF-4757-AEB5-3376-3B2D6F4AD129}.Release|Any CPU.ActiveCfg = Release|Any CPU
		{D7A392DF-4757-AEB5-3376-3B2D6F4AD129}.Release|Any CPU.Build.0 = Release|Any CPU
	EndGlobalSection
	GlobalSection(SolutionProperties) = preSolution
		HideSolutionNode = FALSE
	EndGlobalSection
	GlobalSection(MonoDevelopProperties) = preSolution
		StartupItem = Assembly-CSharp.csproj
	EndGlobalSection
EndGlobal
