
Microsoft Visual Studio Solution File, Format Version 12.00
# Visual Studio 2013
Project("{FAE04EC0-301F-11D3-BF4B-00C04F79EFBC}") = "RWRoomDsgn.CSharp", "RWRoomDsgn.CSharp.csproj", "{1FAD7C20-3597-89DE-755C-CB13018557C8}"
EndProject
Project("{FAE04EC0-301F-11D3-BF4B-00C04F79EFBC}") = "RWRoomDsgn.CSharp.Plugins", "RWRoomDsgn.CSharp.Plugins.csproj", "{68E7B8B2-6A54-EC77-E465-25BDE0D781FC}"
EndProject
Project("{FAE04EC0-301F-11D3-BF4B-00C04F79EFBC}") = "RWRoomDsgn.CSharp.Editor", "RWRoomDsgn.CSharp.Editor.csproj", "{D62959B5-B04C-E950-697F-670E291B0BB0}"
EndProject
Global
	GlobalSection(SolutionConfigurationPlatforms) = preSolution
		Debug|Any CPU = Debug|Any CPU
		Release|Any CPU = Release|Any CPU
	EndGlobalSection
	GlobalSection(ProjectConfigurationPlatforms) = postSolution
		{1FAD7C20-3597-89DE-755C-CB13018557C8}.Debug|Any CPU.ActiveCfg = Debug|Any CPU
		{1FAD7C20-3597-89DE-755C-CB13018557C8}.Debug|Any CPU.Build.0 = Debug|Any CPU
		{1FAD7C20-3597-89DE-755C-CB13018557C8}.Release|Any CPU.ActiveCfg = Release|Any CPU
		{1FAD7C20-3597-89DE-755C-CB13018557C8}.Release|Any CPU.Build.0 = Release|Any CPU
		{68E7B8B2-6A54-EC77-E465-25BDE0D781FC}.Debug|Any CPU.ActiveCfg = Debug|Any CPU
		{68E7B8B2-6A54-EC77-E465-25BDE0D781FC}.Debug|Any CPU.Build.0 = Debug|Any CPU
		{68E7B8B2-6A54-EC77-E465-25BDE0D781FC}.Release|Any CPU.ActiveCfg = Release|Any CPU
		{68E7B8B2-6A54-EC77-E465-25BDE0D781FC}.Release|Any CPU.Build.0 = Release|Any CPU
		{D62959B5-B04C-E950-697F-670E291B0BB0}.Debug|Any CPU.ActiveCfg = Debug|Any CPU
		{D62959B5-B04C-E950-697F-670E291B0BB0}.Debug|Any CPU.Build.0 = Debug|Any CPU
		{D62959B5-B04C-E950-697F-670E291B0BB0}.Release|Any CPU.ActiveCfg = Release|Any CPU
		{D62959B5-B04C-E950-697F-670E291B0BB0}.Release|Any CPU.Build.0 = Release|Any CPU
	EndGlobalSection
	GlobalSection(SolutionProperties) = preSolution
		HideSolutionNode = FALSE
	EndGlobalSection
EndGlobal
